// !$*UTF8*$!
{
	archiveVersion = 1;
	classes = {
	};
	objectVersion = 46;
	objects = {

/* Begin PBXBuildFile section */
		97019FD91D054ECD00FD6644 /* Stellar.h in Headers */ = {isa = PBXBuildFile; fileRef = 97019FD81D054ECD00FD6644 /* Stellar.h */; settings = {ATTRIBUTES = (Public, ); }; };
		97019FEB1D054ECD00FD6644 /* Stellar.framework in Frameworks */ = {isa = PBXBuildFile; fileRef = 97019FD61D054ECD00FD6644 /* Stellar.framework */; };
		97019FEC1D054ECD00FD6644 /* Stellar.framework in Embed Frameworks */ = {isa = PBXBuildFile; fileRef = 97019FD61D054ECD00FD6644 /* Stellar.framework */; settings = {ATTRIBUTES = (CodeSignOnCopy, RemoveHeadersOnCopy, ); }; };
		9701A0AC1D06A58D00FD6644 /* StepControllable.swift in Sources */ = {isa = PBXBuildFile; fileRef = 9701A0AB1D06A58D00FD6644 /* StepControllable.swift */; };
		9701A0AE1D07CD8800FD6644 /* Example7ViewController.swift in Sources */ = {isa = PBXBuildFile; fileRef = 9701A0AD1D07CD8800FD6644 /* Example7ViewController.swift */; };
		970A7FB51CF2AA8F00C7555C /* DynamicItemBasic.swift in Sources */ = {isa = PBXBuildFile; fileRef = 970A7FB41CF2AA8F00C7555C /* DynamicItemBasic.swift */; };
		970A7FB71CF2AC0000C7555C /* Interpolatable.swift in Sources */ = {isa = PBXBuildFile; fileRef = 970A7FB61CF2AC0000C7555C /* Interpolatable.swift */; };
		970F91B31CFEBFC500B510BE /* Example5ViewController.swift in Sources */ = {isa = PBXBuildFile; fileRef = 970F91B21CFEBFC500B510BE /* Example5ViewController.swift */; };
		970F91B51CFEC71600B510BE /* AttachmentConfigurable.swift in Sources */ = {isa = PBXBuildFile; fileRef = 970F91B41CFEC71600B510BE /* AttachmentConfigurable.swift */; };
		970F91D51CFEF7C900B510BE /* Example6ViewController.swift in Sources */ = {isa = PBXBuildFile; fileRef = 970F91D41CFEF7C900B510BE /* Example6ViewController.swift */; };
		970F91D71D000AA000B510BE /* GravityConfigurable.swift in Sources */ = {isa = PBXBuildFile; fileRef = 970F91D61D000AA000B510BE /* GravityConfigurable.swift */; };
		970F91E51D01730B00B510BE /* DynamicItemGravity.swift in Sources */ = {isa = PBXBuildFile; fileRef = 970F91E41D01730B00B510BE /* DynamicItemGravity.swift */; };
		9734A5591D23C742000D02A8 /* Example8ViewController.swift in Sources */ = {isa = PBXBuildFile; fileRef = 9734A5581D23C742000D02A8 /* Example8ViewController.swift */; };
		973E59CB1CF5ACEC00F26487 /* Example1ViewController.swift in Sources */ = {isa = PBXBuildFile; fileRef = 973E59CA1CF5ACEC00F26487 /* Example1ViewController.swift */; };
		973E59E71CF6F2E100F26487 /* Ball.swift in Sources */ = {isa = PBXBuildFile; fileRef = 973E59E61CF6F2E100F26487 /* Ball.swift */; };
		973E59E91CF6FD2200F26487 /* UIView+Stellar.swift in Sources */ = {isa = PBXBuildFile; fileRef = 973E59E81CF6FD2200F26487 /* UIView+Stellar.swift */; };
		973E59EB1CF6FD5B00F26487 /* AnimationContext.swift in Sources */ = {isa = PBXBuildFile; fileRef = 973E59EA1CF6FD5B00F26487 /* AnimationContext.swift */; };
		973E5A041CF70FAE00F26487 /* TimingType.swift in Sources */ = {isa = PBXBuildFile; fileRef = 973E5A031CF70FAE00F26487 /* TimingType.swift */; };
		97544FF81CFD56D7008046A1 /* AnimationSequence.swift in Sources */ = {isa = PBXBuildFile; fileRef = 97544FF71CFD56D7008046A1 /* AnimationSequence.swift */; };
		97544FFA1CFD572A008046A1 /* AnimationStep.swift in Sources */ = {isa = PBXBuildFile; fileRef = 97544FF91CFD572A008046A1 /* AnimationStep.swift */; };
		97544FFC1CFD5733008046A1 /* AnimationType.swift in Sources */ = {isa = PBXBuildFile; fileRef = 97544FFB1CFD5733008046A1 /* AnimationType.swift */; };
		976CC7CE1D190DF400476D77 /* UIView+AnimateBehavior.swift in Sources */ = {isa = PBXBuildFile; fileRef = 976CC7CD1D190DF400476D77 /* UIView+AnimateBehavior.swift */; };
		976CC7D01D190F4B00476D77 /* DriveAnimateBehaviors.swift in Sources */ = {isa = PBXBuildFile; fileRef = 976CC7CF1D190F4B00476D77 /* DriveAnimateBehaviors.swift */; };
		976CC7EB1D193C5E00476D77 /* CALayer+AnimateBehavior.swift in Sources */ = {isa = PBXBuildFile; fileRef = 976CC7EA1D193C5E00476D77 /* CALayer+AnimateBehavior.swift */; };
		97733D6C1CFEAC930012C879 /* Example4ViewController.swift in Sources */ = {isa = PBXBuildFile; fileRef = 97733D6B1CFEAC930012C879 /* Example4ViewController.swift */; };
		977FDF1A1CFC7448009248FD /* Example3ViewController.swift in Sources */ = {isa = PBXBuildFile; fileRef = 977FDF191CFC7448009248FD /* Example3ViewController.swift */; };
		97A61A341CF05DAB009E60EB /* Vectorial.swift in Sources */ = {isa = PBXBuildFile; fileRef = 97A61A331CF05DAB009E60EB /* Vectorial.swift */; };
		97A61A381CF082F6009E60EB /* UnitBezier.swift in Sources */ = {isa = PBXBuildFile; fileRef = 97A61A371CF082F6009E60EB /* UnitBezier.swift */; };
		97A61A3A1CF09B8F009E60EB /* DynamicItem.swift in Sources */ = {isa = PBXBuildFile; fileRef = 97A61A391CF09B8F009E60EB /* DynamicItem.swift */; };
		97A61A431CF1E159009E60EB /* TimingFunction.swift in Sources */ = {isa = PBXBuildFile; fileRef = 97A61A421CF1E159009E60EB /* TimingFunction.swift */; };
		97BE88C21CDDDAD000240523 /* AppDelegate.swift in Sources */ = {isa = PBXBuildFile; fileRef = 97BE88C11CDDDAD000240523 /* AppDelegate.swift */; };
		97BE88C41CDDDAD000240523 /* Example2ViewController.swift in Sources */ = {isa = PBXBuildFile; fileRef = 97BE88C31CDDDAD000240523 /* Example2ViewController.swift */; };
		97BE88C71CDDDAD000240523 /* Main.storyboard in Resources */ = {isa = PBXBuildFile; fileRef = 97BE88C51CDDDAD000240523 /* Main.storyboard */; };
		97BE88C91CDDDAD000240523 /* Assets.xcassets in Resources */ = {isa = PBXBuildFile; fileRef = 97BE88C81CDDDAD000240523 /* Assets.xcassets */; };
		97BE88CC1CDDDAD000240523 /* LaunchScreen.storyboard in Resources */ = {isa = PBXBuildFile; fileRef = 97BE88CA1CDDDAD000240523 /* LaunchScreen.storyboard */; };
		97D1A3B21EC40C5F004302E4 /* AnimationContext.swift in Sources */ = {isa = PBXBuildFile; fileRef = 9725EF711EC1DC8300A487C2 /* AnimationContext.swift */; };
		97D1A3B31EC40C5F004302E4 /* AnimationSequence.swift in Sources */ = {isa = PBXBuildFile; fileRef = 9725EF721EC1DC8300A487C2 /* AnimationSequence.swift */; };
		97D1A3B41EC40C5F004302E4 /* AnimationStep.swift in Sources */ = {isa = PBXBuildFile; fileRef = 9725EF731EC1DC8300A487C2 /* AnimationStep.swift */; };
		97D1A3B51EC40C5F004302E4 /* AnimationType.swift in Sources */ = {isa = PBXBuildFile; fileRef = 9725EF741EC1DC8300A487C2 /* AnimationType.swift */; };
		97D1A3B61EC40C5F004302E4 /* AnimatorCoordinator.swift in Sources */ = {isa = PBXBuildFile; fileRef = 9725EF751EC1DC8300A487C2 /* AnimatorCoordinator.swift */; };
		97D1A3B71EC40C5F004302E4 /* AttachmentConfigurable.swift in Sources */ = {isa = PBXBuildFile; fileRef = 9725EF761EC1DC8300A487C2 /* AttachmentConfigurable.swift */; };
		97D1A3B81EC40C5F004302E4 /* BasicChainable.swift in Sources */ = {isa = PBXBuildFile; fileRef = 9725EF771EC1DC8300A487C2 /* BasicChainable.swift */; };
		97D1A3B91EC40C5F004302E4 /* BasicConfigurable.swift in Sources */ = {isa = PBXBuildFile; fileRef = 9725EF781EC1DC8300A487C2 /* BasicConfigurable.swift */; };
		97D1A3BA1EC40C5F004302E4 /* CALayer+AnimateBehavior.swift in Sources */ = {isa = PBXBuildFile; fileRef = 9725EF791EC1DC8300A487C2 /* CALayer+AnimateBehavior.swift */; };
		97D1A3BB1EC40C5F004302E4 /* CALayer+DriveAnimationBehaviors.swift in Sources */ = {isa = PBXBuildFile; fileRef = 9725EF7A1EC1DC8300A487C2 /* CALayer+DriveAnimationBehaviors.swift */; };
		97D1A3BC1EC40C5F004302E4 /* CALayer+Stellar.swift in Sources */ = {isa = PBXBuildFile; fileRef = 9725EF7B1EC1DC8300A487C2 /* CALayer+Stellar.swift */; };
		97D1A3BD1EC40C5F004302E4 /* Chainable.swift in Sources */ = {isa = PBXBuildFile; fileRef = 9725EF7C1EC1DC8300A487C2 /* Chainable.swift */; };
		97D1A3BE1EC40C5F004302E4 /* DriveAnimateBehaviors.swift in Sources */ = {isa = PBXBuildFile; fileRef = 9725EF7D1EC1DC8300A487C2 /* DriveAnimateBehaviors.swift */; };
		97D1A3BF1EC40C5F004302E4 /* DynamicItem.swift in Sources */ = {isa = PBXBuildFile; fileRef = 9725EF7E1EC1DC8300A487C2 /* DynamicItem.swift */; };
		97D1A3C01EC40C5F004302E4 /* DynamicItem+Behavior.swift in Sources */ = {isa = PBXBuildFile; fileRef = 9725EF7F1EC1DC8300A487C2 /* DynamicItem+Behavior.swift */; };
		97D1A3C11EC40C5F004302E4 /* DynamicItemBasic.swift in Sources */ = {isa = PBXBuildFile; fileRef = 9725EF801EC1DC8300A487C2 /* DynamicItemBasic.swift */; };
		97D1A3C21EC40C5F004302E4 /* DynamicItemGravity.swift in Sources */ = {isa = PBXBuildFile; fileRef = 9725EF811EC1DC8300A487C2 /* DynamicItemGravity.swift */; };
		97D1A3C31EC40C5F004302E4 /* GravityConfigurable.swift in Sources */ = {isa = PBXBuildFile; fileRef = 9725EF821EC1DC8300A487C2 /* GravityConfigurable.swift */; };
		97D1A3C41EC40C5F004302E4 /* Interpolatable.swift in Sources */ = {isa = PBXBuildFile; fileRef = 9725EF831EC1DC8300A487C2 /* Interpolatable.swift */; };
		97D1A3C51EC40C5F004302E4 /* Physical.swift in Sources */ = {isa = PBXBuildFile; fileRef = 9725EF841EC1DC8300A487C2 /* Physical.swift */; };
		97D1A3C61EC40C5F004302E4 /* SnapConfigurable.swift in Sources */ = {isa = PBXBuildFile; fileRef = 9725EF851EC1DC8300A487C2 /* SnapConfigurable.swift */; };
		97D1A3C71EC40C5F004302E4 /* StepControllable.swift in Sources */ = {isa = PBXBuildFile; fileRef = 9725EF861EC1DC8300A487C2 /* StepControllable.swift */; };
		97D1A3C81EC40C5F004302E4 /* TimingFunction.swift in Sources */ = {isa = PBXBuildFile; fileRef = 9725EF871EC1DC8300A487C2 /* TimingFunction.swift */; };
		97D1A3C91EC40C5F004302E4 /* TimingSolvable.swift in Sources */ = {isa = PBXBuildFile; fileRef = 9725EF881EC1DC8300A487C2 /* TimingSolvable.swift */; };
		97D1A3CA1EC40C5F004302E4 /* TimingType.swift in Sources */ = {isa = PBXBuildFile; fileRef = 9725EF891EC1DC8300A487C2 /* TimingType.swift */; };
		97D1A3CB1EC40C5F004302E4 /* UIDynamicBehavior+Commit.swift in Sources */ = {isa = PBXBuildFile; fileRef = 9725EF8A1EC1DC8300A487C2 /* UIDynamicBehavior+Commit.swift */; };
		97D1A3CE1EC40C5F004302E4 /* UIView+AnimateBehavior.swift in Sources */ = {isa = PBXBuildFile; fileRef = 9725EF8D1EC1DC8300A487C2 /* UIView+AnimateBehavior.swift */; };
		97D1A3D01EC40C5F004302E4 /* UIView+Stellar.swift in Sources */ = {isa = PBXBuildFile; fileRef = 9725EF8F1EC1DC8300A487C2 /* UIView+Stellar.swift */; };
		97D1A3D11EC40C5F004302E4 /* UnitBezier.swift in Sources */ = {isa = PBXBuildFile; fileRef = 9725EF901EC1DC8300A487C2 /* UnitBezier.swift */; };
		97D1A3D21EC40C5F004302E4 /* Value+Physical.swift in Sources */ = {isa = PBXBuildFile; fileRef = 9725EF911EC1DC8300A487C2 /* Value+Physical.swift */; };
		97D1A3D31EC40C5F004302E4 /* Vectorial.swift in Sources */ = {isa = PBXBuildFile; fileRef = 9725EF921EC1DC8300A487C2 /* Vectorial.swift */; };
		97DD65D21D2252FD00255F40 /* TimingSolvable.swift in Sources */ = {isa = PBXBuildFile; fileRef = 97DD65D11D2252FD00255F40 /* TimingSolvable.swift */; };
		97E1A8D81CEB4AF200F98D86 /* Physical.swift in Sources */ = {isa = PBXBuildFile; fileRef = 97E1A8D71CEB4AF200F98D86 /* Physical.swift */; };
		97E1A8DA1CEB4B5200F98D86 /* Value+Physical.swift in Sources */ = {isa = PBXBuildFile; fileRef = 97E1A8D91CEB4B5200F98D86 /* Value+Physical.swift */; };
		97E1A8DC1CEB4D6700F98D86 /* AnimatorCoordinator.swift in Sources */ = {isa = PBXBuildFile; fileRef = 97E1A8DB1CEB4D6700F98D86 /* AnimatorCoordinator.swift */; };
		97E1A90F1CED918400F98D86 /* UIDynamicBehavior+Commit.swift in Sources */ = {isa = PBXBuildFile; fileRef = 97E1A90E1CED918400F98D86 /* UIDynamicBehavior+Commit.swift */; };
		97E1A9111CEDEF5200F98D86 /* DynamicItem+Behavior.swift in Sources */ = {isa = PBXBuildFile; fileRef = 97E1A9101CEDEF5200F98D86 /* DynamicItem+Behavior.swift */; };
		97E8D3EE1CFC11BA004E6A80 /* CALayer+Stellar.swift in Sources */ = {isa = PBXBuildFile; fileRef = 97E8D3ED1CFC11BA004E6A80 /* CALayer+Stellar.swift */; };
		97EC4BFC1CF9DF8D0059BBFA /* BasicChainable.swift in Sources */ = {isa = PBXBuildFile; fileRef = 97EC4BFB1CF9DF8D0059BBFA /* BasicChainable.swift */; };
		97EC4BFE1CF9E2620059BBFA /* BasicConfigurable.swift in Sources */ = {isa = PBXBuildFile; fileRef = 97EC4BFD1CF9E2620059BBFA /* BasicConfigurable.swift */; };
		97EC4C001CF9E3310059BBFA /* Chainable.swift in Sources */ = {isa = PBXBuildFile; fileRef = 97EC4BFF1CF9E3310059BBFA /* Chainable.swift */; };
		97EC4C021CF9E47D0059BBFA /* SnapConfigurable.swift in Sources */ = {isa = PBXBuildFile; fileRef = 97EC4C011CF9E47D0059BBFA /* SnapConfigurable.swift */; };
/* End PBXBuildFile section */

/* Begin PBXContainerItemProxy section */
		97019FE91D054ECD00FD6644 /* PBXContainerItemProxy */ = {
			isa = PBXContainerItemProxy;
			containerPortal = 97BE88B61CDDDAD000240523 /* Project object */;
			proxyType = 1;
			remoteGlobalIDString = 97019FD51D054ECD00FD6644;
			remoteInfo = Stellar;
		};
/* End PBXContainerItemProxy section */

/* Begin PBXCopyFilesBuildPhase section */
		97019FF21D054ECD00FD6644 /* Embed Frameworks */ = {
			isa = PBXCopyFilesBuildPhase;
			buildActionMask = 2147483647;
			dstPath = "";
			dstSubfolderSpec = 10;
			files = (
				97019FEC1D054ECD00FD6644 /* Stellar.framework in Embed Frameworks */,
			);
			name = "Embed Frameworks";
			runOnlyForDeploymentPostprocessing = 0;
		};
/* End PBXCopyFilesBuildPhase section */

/* Begin PBXFileReference section */
		97019FD61D054ECD00FD6644 /* Stellar.framework */ = {isa = PBXFileReference; explicitFileType = wrapper.framework; includeInIndex = 0; path = Stellar.framework; sourceTree = BUILT_PRODUCTS_DIR; };
		97019FD81D054ECD00FD6644 /* Stellar.h */ = {isa = PBXFileReference; lastKnownFileType = sourcecode.c.h; path = Stellar.h; sourceTree = "<group>"; };
		97019FDA1D054ECD00FD6644 /* Info.plist */ = {isa = PBXFileReference; lastKnownFileType = text.plist.xml; path = Info.plist; sourceTree = "<group>"; };
		97019FE61D054ECD00FD6644 /* StellarTests.swift */ = {isa = PBXFileReference; lastKnownFileType = sourcecode.swift; path = StellarTests.swift; sourceTree = "<group>"; };
		97019FE81D054ECD00FD6644 /* Info.plist */ = {isa = PBXFileReference; lastKnownFileType = text.plist.xml; path = Info.plist; sourceTree = "<group>"; };
		9701A0AB1D06A58D00FD6644 /* StepControllable.swift */ = {isa = PBXFileReference; fileEncoding = 4; lastKnownFileType = sourcecode.swift; path = StepControllable.swift; sourceTree = "<group>"; };
		9701A0AD1D07CD8800FD6644 /* Example7ViewController.swift */ = {isa = PBXFileReference; fileEncoding = 4; lastKnownFileType = sourcecode.swift; path = Example7ViewController.swift; sourceTree = "<group>"; };
		970A7FB41CF2AA8F00C7555C /* DynamicItemBasic.swift */ = {isa = PBXFileReference; fileEncoding = 4; lastKnownFileType = sourcecode.swift; path = DynamicItemBasic.swift; sourceTree = "<group>"; };
		970A7FB61CF2AC0000C7555C /* Interpolatable.swift */ = {isa = PBXFileReference; fileEncoding = 4; lastKnownFileType = sourcecode.swift; path = Interpolatable.swift; sourceTree = "<group>"; };
		970F91B21CFEBFC500B510BE /* Example5ViewController.swift */ = {isa = PBXFileReference; fileEncoding = 4; lastKnownFileType = sourcecode.swift; path = Example5ViewController.swift; sourceTree = "<group>"; };
		970F91B41CFEC71600B510BE /* AttachmentConfigurable.swift */ = {isa = PBXFileReference; fileEncoding = 4; lastKnownFileType = sourcecode.swift; path = AttachmentConfigurable.swift; sourceTree = "<group>"; };
		970F91D41CFEF7C900B510BE /* Example6ViewController.swift */ = {isa = PBXFileReference; fileEncoding = 4; lastKnownFileType = sourcecode.swift; path = Example6ViewController.swift; sourceTree = "<group>"; };
		970F91D61D000AA000B510BE /* GravityConfigurable.swift */ = {isa = PBXFileReference; fileEncoding = 4; lastKnownFileType = sourcecode.swift; path = GravityConfigurable.swift; sourceTree = "<group>"; };
		970F91E41D01730B00B510BE /* DynamicItemGravity.swift */ = {isa = PBXFileReference; fileEncoding = 4; lastKnownFileType = sourcecode.swift; path = DynamicItemGravity.swift; sourceTree = "<group>"; };
		9725EF711EC1DC8300A487C2 /* AnimationContext.swift */ = {isa = PBXFileReference; lastKnownFileType = sourcecode.swift; name = AnimationContext.swift; path = ../../Sources/AnimationContext.swift; sourceTree = "<group>"; };
		9725EF721EC1DC8300A487C2 /* AnimationSequence.swift */ = {isa = PBXFileReference; lastKnownFileType = sourcecode.swift; name = AnimationSequence.swift; path = ../../Sources/AnimationSequence.swift; sourceTree = "<group>"; };
		9725EF731EC1DC8300A487C2 /* AnimationStep.swift */ = {isa = PBXFileReference; lastKnownFileType = sourcecode.swift; name = AnimationStep.swift; path = ../../Sources/AnimationStep.swift; sourceTree = "<group>"; };
		9725EF741EC1DC8300A487C2 /* AnimationType.swift */ = {isa = PBXFileReference; lastKnownFileType = sourcecode.swift; name = AnimationType.swift; path = ../../Sources/AnimationType.swift; sourceTree = "<group>"; };
		9725EF751EC1DC8300A487C2 /* AnimatorCoordinator.swift */ = {isa = PBXFileReference; lastKnownFileType = sourcecode.swift; name = AnimatorCoordinator.swift; path = ../../Sources/AnimatorCoordinator.swift; sourceTree = "<group>"; };
		9725EF761EC1DC8300A487C2 /* AttachmentConfigurable.swift */ = {isa = PBXFileReference; lastKnownFileType = sourcecode.swift; name = AttachmentConfigurable.swift; path = ../../Sources/AttachmentConfigurable.swift; sourceTree = "<group>"; };
		9725EF771EC1DC8300A487C2 /* BasicChainable.swift */ = {isa = PBXFileReference; lastKnownFileType = sourcecode.swift; name = BasicChainable.swift; path = ../../Sources/BasicChainable.swift; sourceTree = "<group>"; };
		9725EF781EC1DC8300A487C2 /* BasicConfigurable.swift */ = {isa = PBXFileReference; lastKnownFileType = sourcecode.swift; name = BasicConfigurable.swift; path = ../../Sources/BasicConfigurable.swift; sourceTree = "<group>"; };
		9725EF791EC1DC8300A487C2 /* CALayer+AnimateBehavior.swift */ = {isa = PBXFileReference; lastKnownFileType = sourcecode.swift; name = "CALayer+AnimateBehavior.swift"; path = "../../Sources/CALayer+AnimateBehavior.swift"; sourceTree = "<group>"; };
		9725EF7A1EC1DC8300A487C2 /* CALayer+DriveAnimationBehaviors.swift */ = {isa = PBXFileReference; lastKnownFileType = sourcecode.swift; name = "CALayer+DriveAnimationBehaviors.swift"; path = "../../Sources/CALayer+DriveAnimationBehaviors.swift"; sourceTree = "<group>"; };
		9725EF7B1EC1DC8300A487C2 /* CALayer+Stellar.swift */ = {isa = PBXFileReference; lastKnownFileType = sourcecode.swift; name = "CALayer+Stellar.swift"; path = "../../Sources/CALayer+Stellar.swift"; sourceTree = "<group>"; };
		9725EF7C1EC1DC8300A487C2 /* Chainable.swift */ = {isa = PBXFileReference; lastKnownFileType = sourcecode.swift; name = Chainable.swift; path = ../../Sources/Chainable.swift; sourceTree = "<group>"; };
		9725EF7D1EC1DC8300A487C2 /* DriveAnimateBehaviors.swift */ = {isa = PBXFileReference; lastKnownFileType = sourcecode.swift; name = DriveAnimateBehaviors.swift; path = ../../Sources/DriveAnimateBehaviors.swift; sourceTree = "<group>"; };
		9725EF7E1EC1DC8300A487C2 /* DynamicItem.swift */ = {isa = PBXFileReference; lastKnownFileType = sourcecode.swift; name = DynamicItem.swift; path = ../../Sources/DynamicItem.swift; sourceTree = "<group>"; };
		9725EF7F1EC1DC8300A487C2 /* DynamicItem+Behavior.swift */ = {isa = PBXFileReference; lastKnownFileType = sourcecode.swift; name = "DynamicItem+Behavior.swift"; path = "../../Sources/DynamicItem+Behavior.swift"; sourceTree = "<group>"; };
		9725EF801EC1DC8300A487C2 /* DynamicItemBasic.swift */ = {isa = PBXFileReference; lastKnownFileType = sourcecode.swift; name = DynamicItemBasic.swift; path = ../../Sources/DynamicItemBasic.swift; sourceTree = "<group>"; };
		9725EF811EC1DC8300A487C2 /* DynamicItemGravity.swift */ = {isa = PBXFileReference; lastKnownFileType = sourcecode.swift; name = DynamicItemGravity.swift; path = ../../Sources/DynamicItemGravity.swift; sourceTree = "<group>"; };
		9725EF821EC1DC8300A487C2 /* GravityConfigurable.swift */ = {isa = PBXFileReference; lastKnownFileType = sourcecode.swift; name = GravityConfigurable.swift; path = ../../Sources/GravityConfigurable.swift; sourceTree = "<group>"; };
		9725EF831EC1DC8300A487C2 /* Interpolatable.swift */ = {isa = PBXFileReference; lastKnownFileType = sourcecode.swift; name = Interpolatable.swift; path = ../../Sources/Interpolatable.swift; sourceTree = "<group>"; };
		9725EF841EC1DC8300A487C2 /* Physical.swift */ = {isa = PBXFileReference; lastKnownFileType = sourcecode.swift; name = Physical.swift; path = ../../Sources/Physical.swift; sourceTree = "<group>"; };
		9725EF851EC1DC8300A487C2 /* SnapConfigurable.swift */ = {isa = PBXFileReference; lastKnownFileType = sourcecode.swift; name = SnapConfigurable.swift; path = ../../Sources/SnapConfigurable.swift; sourceTree = "<group>"; };
		9725EF861EC1DC8300A487C2 /* StepControllable.swift */ = {isa = PBXFileReference; lastKnownFileType = sourcecode.swift; name = StepControllable.swift; path = ../../Sources/StepControllable.swift; sourceTree = "<group>"; };
		9725EF871EC1DC8300A487C2 /* TimingFunction.swift */ = {isa = PBXFileReference; lastKnownFileType = sourcecode.swift; name = TimingFunction.swift; path = ../../Sources/TimingFunction.swift; sourceTree = "<group>"; };
		9725EF881EC1DC8300A487C2 /* TimingSolvable.swift */ = {isa = PBXFileReference; lastKnownFileType = sourcecode.swift; name = TimingSolvable.swift; path = ../../Sources/TimingSolvable.swift; sourceTree = "<group>"; };
		9725EF891EC1DC8300A487C2 /* TimingType.swift */ = {isa = PBXFileReference; lastKnownFileType = sourcecode.swift; name = TimingType.swift; path = ../../Sources/TimingType.swift; sourceTree = "<group>"; };
		9725EF8A1EC1DC8300A487C2 /* UIDynamicBehavior+Commit.swift */ = {isa = PBXFileReference; lastKnownFileType = sourcecode.swift; name = "UIDynamicBehavior+Commit.swift"; path = "../../Sources/UIDynamicBehavior+Commit.swift"; sourceTree = "<group>"; };
		9725EF8D1EC1DC8300A487C2 /* UIView+AnimateBehavior.swift */ = {isa = PBXFileReference; lastKnownFileType = sourcecode.swift; name = "UIView+AnimateBehavior.swift"; path = "../../Sources/UIView+AnimateBehavior.swift"; sourceTree = "<group>"; };
		9725EF8F1EC1DC8300A487C2 /* UIView+Stellar.swift */ = {isa = PBXFileReference; lastKnownFileType = sourcecode.swift; name = "UIView+Stellar.swift"; path = "../../Sources/UIView+Stellar.swift"; sourceTree = "<group>"; };
		9725EF901EC1DC8300A487C2 /* UnitBezier.swift */ = {isa = PBXFileReference; lastKnownFileType = sourcecode.swift; name = UnitBezier.swift; path = ../../Sources/UnitBezier.swift; sourceTree = "<group>"; };
		9725EF911EC1DC8300A487C2 /* Value+Physical.swift */ = {isa = PBXFileReference; lastKnownFileType = sourcecode.swift; name = "Value+Physical.swift"; path = "../../Sources/Value+Physical.swift"; sourceTree = "<group>"; };
		9725EF921EC1DC8300A487C2 /* Vectorial.swift */ = {isa = PBXFileReference; lastKnownFileType = sourcecode.swift; name = Vectorial.swift; path = ../../Sources/Vectorial.swift; sourceTree = "<group>"; };
		9734A5581D23C742000D02A8 /* Example8ViewController.swift */ = {isa = PBXFileReference; fileEncoding = 4; lastKnownFileType = sourcecode.swift; path = Example8ViewController.swift; sourceTree = "<group>"; };
		973E59CA1CF5ACEC00F26487 /* Example1ViewController.swift */ = {isa = PBXFileReference; fileEncoding = 4; lastKnownFileType = sourcecode.swift; path = Example1ViewController.swift; sourceTree = "<group>"; };
		973E59E61CF6F2E100F26487 /* Ball.swift */ = {isa = PBXFileReference; fileEncoding = 4; lastKnownFileType = sourcecode.swift; path = Ball.swift; sourceTree = "<group>"; };
		973E59E81CF6FD2200F26487 /* UIView+Stellar.swift */ = {isa = PBXFileReference; fileEncoding = 4; lastKnownFileType = sourcecode.swift; path = "UIView+Stellar.swift"; sourceTree = "<group>"; };
		973E59EA1CF6FD5B00F26487 /* AnimationContext.swift */ = {isa = PBXFileReference; fileEncoding = 4; lastKnownFileType = sourcecode.swift; path = AnimationContext.swift; sourceTree = "<group>"; };
		973E5A031CF70FAE00F26487 /* TimingType.swift */ = {isa = PBXFileReference; fileEncoding = 4; lastKnownFileType = sourcecode.swift; path = TimingType.swift; sourceTree = "<group>"; };
		97544FF71CFD56D7008046A1 /* AnimationSequence.swift */ = {isa = PBXFileReference; fileEncoding = 4; lastKnownFileType = sourcecode.swift; path = AnimationSequence.swift; sourceTree = "<group>"; };
		97544FF91CFD572A008046A1 /* AnimationStep.swift */ = {isa = PBXFileReference; fileEncoding = 4; lastKnownFileType = sourcecode.swift; path = AnimationStep.swift; sourceTree = "<group>"; };
		97544FFB1CFD5733008046A1 /* AnimationType.swift */ = {isa = PBXFileReference; fileEncoding = 4; lastKnownFileType = sourcecode.swift; path = AnimationType.swift; sourceTree = "<group>"; };
		976CC7CD1D190DF400476D77 /* UIView+AnimateBehavior.swift */ = {isa = PBXFileReference; fileEncoding = 4; lastKnownFileType = sourcecode.swift; path = "UIView+AnimateBehavior.swift"; sourceTree = "<group>"; };
		976CC7CF1D190F4B00476D77 /* DriveAnimateBehaviors.swift */ = {isa = PBXFileReference; fileEncoding = 4; lastKnownFileType = sourcecode.swift; path = DriveAnimateBehaviors.swift; sourceTree = "<group>"; };
		976CC7EA1D193C5E00476D77 /* CALayer+AnimateBehavior.swift */ = {isa = PBXFileReference; fileEncoding = 4; lastKnownFileType = sourcecode.swift; path = "CALayer+AnimateBehavior.swift"; sourceTree = "<group>"; };
		97733D6B1CFEAC930012C879 /* Example4ViewController.swift */ = {isa = PBXFileReference; fileEncoding = 4; lastKnownFileType = sourcecode.swift; path = Example4ViewController.swift; sourceTree = "<group>"; };
		977FDF191CFC7448009248FD /* Example3ViewController.swift */ = {isa = PBXFileReference; fileEncoding = 4; lastKnownFileType = sourcecode.swift; path = Example3ViewController.swift; sourceTree = "<group>"; };
		97A61A331CF05DAB009E60EB /* Vectorial.swift */ = {isa = PBXFileReference; fileEncoding = 4; lastKnownFileType = sourcecode.swift; path = Vectorial.swift; sourceTree = "<group>"; };
		97A61A371CF082F6009E60EB /* UnitBezier.swift */ = {isa = PBXFileReference; fileEncoding = 4; lastKnownFileType = sourcecode.swift; path = UnitBezier.swift; sourceTree = "<group>"; };
		97A61A391CF09B8F009E60EB /* DynamicItem.swift */ = {isa = PBXFileReference; fileEncoding = 4; lastKnownFileType = sourcecode.swift; path = DynamicItem.swift; sourceTree = "<group>"; };
		97A61A421CF1E159009E60EB /* TimingFunction.swift */ = {isa = PBXFileReference; fileEncoding = 4; lastKnownFileType = sourcecode.swift; path = TimingFunction.swift; sourceTree = "<group>"; };
		97BE88BE1CDDDAD000240523 /* StellarDemo.app */ = {isa = PBXFileReference; explicitFileType = wrapper.application; includeInIndex = 0; path = StellarDemo.app; sourceTree = BUILT_PRODUCTS_DIR; };
		97BE88C11CDDDAD000240523 /* AppDelegate.swift */ = {isa = PBXFileReference; lastKnownFileType = sourcecode.swift; path = AppDelegate.swift; sourceTree = "<group>"; };
		97BE88C31CDDDAD000240523 /* Example2ViewController.swift */ = {isa = PBXFileReference; lastKnownFileType = sourcecode.swift; path = Example2ViewController.swift; sourceTree = "<group>"; };
		97BE88C61CDDDAD000240523 /* Base */ = {isa = PBXFileReference; lastKnownFileType = file.storyboard; name = Base; path = Base.lproj/Main.storyboard; sourceTree = "<group>"; };
		97BE88C81CDDDAD000240523 /* Assets.xcassets */ = {isa = PBXFileReference; lastKnownFileType = folder.assetcatalog; path = Assets.xcassets; sourceTree = "<group>"; };
		97BE88CB1CDDDAD000240523 /* Base */ = {isa = PBXFileReference; lastKnownFileType = file.storyboard; name = Base; path = Base.lproj/LaunchScreen.storyboard; sourceTree = "<group>"; };
		97BE88CD1CDDDAD000240523 /* Info.plist */ = {isa = PBXFileReference; lastKnownFileType = text.plist.xml; path = Info.plist; sourceTree = "<group>"; };
		97BE88D61CDDDAD000240523 /* StellarDemoTests.swift */ = {isa = PBXFileReference; lastKnownFileType = sourcecode.swift; path = StellarDemoTests.swift; sourceTree = "<group>"; };
		97BE88D81CDDDAD000240523 /* Info.plist */ = {isa = PBXFileReference; lastKnownFileType = text.plist.xml; path = Info.plist; sourceTree = "<group>"; };
		97BE88E11CDDDAD000240523 /* StellarDemoUITests.swift */ = {isa = PBXFileReference; lastKnownFileType = sourcecode.swift; path = StellarDemoUITests.swift; sourceTree = "<group>"; };
		97BE88E31CDDDAD000240523 /* Info.plist */ = {isa = PBXFileReference; lastKnownFileType = text.plist.xml; path = Info.plist; sourceTree = "<group>"; };
		97DD65D11D2252FD00255F40 /* TimingSolvable.swift */ = {isa = PBXFileReference; fileEncoding = 4; lastKnownFileType = sourcecode.swift; path = TimingSolvable.swift; sourceTree = "<group>"; };
		97E1A8D71CEB4AF200F98D86 /* Physical.swift */ = {isa = PBXFileReference; fileEncoding = 4; lastKnownFileType = sourcecode.swift; path = Physical.swift; sourceTree = "<group>"; };
		97E1A8D91CEB4B5200F98D86 /* Value+Physical.swift */ = {isa = PBXFileReference; fileEncoding = 4; lastKnownFileType = sourcecode.swift; path = "Value+Physical.swift"; sourceTree = "<group>"; };
		97E1A8DB1CEB4D6700F98D86 /* AnimatorCoordinator.swift */ = {isa = PBXFileReference; fileEncoding = 4; lastKnownFileType = sourcecode.swift; path = AnimatorCoordinator.swift; sourceTree = "<group>"; };
		97E1A90E1CED918400F98D86 /* UIDynamicBehavior+Commit.swift */ = {isa = PBXFileReference; fileEncoding = 4; lastKnownFileType = sourcecode.swift; path = "UIDynamicBehavior+Commit.swift"; sourceTree = "<group>"; };
		97E1A9101CEDEF5200F98D86 /* DynamicItem+Behavior.swift */ = {isa = PBXFileReference; fileEncoding = 4; lastKnownFileType = sourcecode.swift; path = "DynamicItem+Behavior.swift"; sourceTree = "<group>"; };
		97E8D3ED1CFC11BA004E6A80 /* CALayer+Stellar.swift */ = {isa = PBXFileReference; fileEncoding = 4; lastKnownFileType = sourcecode.swift; path = "CALayer+Stellar.swift"; sourceTree = "<group>"; };
		97EC4BFB1CF9DF8D0059BBFA /* BasicChainable.swift */ = {isa = PBXFileReference; fileEncoding = 4; lastKnownFileType = sourcecode.swift; path = BasicChainable.swift; sourceTree = "<group>"; };
		97EC4BFD1CF9E2620059BBFA /* BasicConfigurable.swift */ = {isa = PBXFileReference; fileEncoding = 4; lastKnownFileType = sourcecode.swift; path = BasicConfigurable.swift; sourceTree = "<group>"; };
		97EC4BFF1CF9E3310059BBFA /* Chainable.swift */ = {isa = PBXFileReference; fileEncoding = 4; lastKnownFileType = sourcecode.swift; path = Chainable.swift; sourceTree = "<group>"; };
		97EC4C011CF9E47D0059BBFA /* SnapConfigurable.swift */ = {isa = PBXFileReference; fileEncoding = 4; lastKnownFileType = sourcecode.swift; path = SnapConfigurable.swift; sourceTree = "<group>"; };
		97EC4C051CFA98DA0059BBFA /* MyPlayground.playground */ = {isa = PBXFileReference; lastKnownFileType = file.playground; path = MyPlayground.playground; sourceTree = "<group>"; };
/* End PBXFileReference section */

/* Begin PBXFrameworksBuildPhase section */
		97019FD21D054ECD00FD6644 /* Frameworks */ = {
			isa = PBXFrameworksBuildPhase;
			buildActionMask = 2147483647;
			files = (
			);
			runOnlyForDeploymentPostprocessing = 0;
		};
		97BE88BB1CDDDAD000240523 /* Frameworks */ = {
			isa = PBXFrameworksBuildPhase;
			buildActionMask = 2147483647;
			files = (
				97019FEB1D054ECD00FD6644 /* Stellar.framework in Frameworks */,
			);
			runOnlyForDeploymentPostprocessing = 0;
		};
/* End PBXFrameworksBuildPhase section */

/* Begin PBXGroup section */
		97019FD71D054ECD00FD6644 /* Stellar */ = {
			isa = PBXGroup;
			children = (
				9725EF711EC1DC8300A487C2 /* AnimationContext.swift */,
				9725EF721EC1DC8300A487C2 /* AnimationSequence.swift */,
				9725EF731EC1DC8300A487C2 /* AnimationStep.swift */,
				9725EF741EC1DC8300A487C2 /* AnimationType.swift */,
				9725EF751EC1DC8300A487C2 /* AnimatorCoordinator.swift */,
				9725EF761EC1DC8300A487C2 /* AttachmentConfigurable.swift */,
				9725EF771EC1DC8300A487C2 /* BasicChainable.swift */,
				9725EF781EC1DC8300A487C2 /* BasicConfigurable.swift */,
				9725EF791EC1DC8300A487C2 /* CALayer+AnimateBehavior.swift */,
				9725EF7A1EC1DC8300A487C2 /* CALayer+DriveAnimationBehaviors.swift */,
				9725EF7B1EC1DC8300A487C2 /* CALayer+Stellar.swift */,
				9725EF7C1EC1DC8300A487C2 /* Chainable.swift */,
				9725EF7D1EC1DC8300A487C2 /* DriveAnimateBehaviors.swift */,
				9725EF7E1EC1DC8300A487C2 /* DynamicItem.swift */,
				9725EF7F1EC1DC8300A487C2 /* DynamicItem+Behavior.swift */,
				9725EF801EC1DC8300A487C2 /* DynamicItemBasic.swift */,
				9725EF811EC1DC8300A487C2 /* DynamicItemGravity.swift */,
				9725EF821EC1DC8300A487C2 /* GravityConfigurable.swift */,
				9725EF831EC1DC8300A487C2 /* Interpolatable.swift */,
				9725EF841EC1DC8300A487C2 /* Physical.swift */,
				9725EF851EC1DC8300A487C2 /* SnapConfigurable.swift */,
				9725EF861EC1DC8300A487C2 /* StepControllable.swift */,
				9725EF871EC1DC8300A487C2 /* TimingFunction.swift */,
				9725EF881EC1DC8300A487C2 /* TimingSolvable.swift */,
				9725EF891EC1DC8300A487C2 /* TimingType.swift */,
				9725EF8A1EC1DC8300A487C2 /* UIDynamicBehavior+Commit.swift */,
				9725EF8D1EC1DC8300A487C2 /* UIView+AnimateBehavior.swift */,
				9725EF8F1EC1DC8300A487C2 /* UIView+Stellar.swift */,
				9725EF901EC1DC8300A487C2 /* UnitBezier.swift */,
				9725EF911EC1DC8300A487C2 /* Value+Physical.swift */,
				9725EF921EC1DC8300A487C2 /* Vectorial.swift */,
				97019FD81D054ECD00FD6644 /* Stellar.h */,
				97019FDA1D054ECD00FD6644 /* Info.plist */,
			);
			path = Stellar;
			sourceTree = "<group>";
		};
		97019FE51D054ECD00FD6644 /* StellarTests */ = {
			isa = PBXGroup;
			children = (
				97019FE61D054ECD00FD6644 /* StellarTests.swift */,
				97019FE81D054ECD00FD6644 /* Info.plist */,
			);
			path = StellarTests;
			sourceTree = "<group>";
		};
		970A80001CF448B900C7555C /* Internal */ = {
			isa = PBXGroup;
			children = (
				973E59EA1CF6FD5B00F26487 /* AnimationContext.swift */,
				97544FF71CFD56D7008046A1 /* AnimationSequence.swift */,
				97544FF91CFD572A008046A1 /* AnimationStep.swift */,
				97544FFB1CFD5733008046A1 /* AnimationType.swift */,
				976CC7CD1D190DF400476D77 /* UIView+AnimateBehavior.swift */,
				976CC7EA1D193C5E00476D77 /* CALayer+AnimateBehavior.swift */,
			);
			name = Internal;
			sourceTree = "<group>";
		};
		97A61A3B1CF1B254009E60EB /* protocols */ = {
			isa = PBXGroup;
			children = (
				97A61A331CF05DAB009E60EB /* Vectorial.swift */,
				97E1A8D71CEB4AF200F98D86 /* Physical.swift */,
				970A7FB61CF2AC0000C7555C /* Interpolatable.swift */,
				973E5A031CF70FAE00F26487 /* TimingType.swift */,
				97DD65D11D2252FD00255F40 /* TimingSolvable.swift */,
				97EC4BFF1CF9E3310059BBFA /* Chainable.swift */,
				97EC4BFB1CF9DF8D0059BBFA /* BasicChainable.swift */,
				97EC4BFD1CF9E2620059BBFA /* BasicConfigurable.swift */,
				97EC4C011CF9E47D0059BBFA /* SnapConfigurable.swift */,
				970F91B41CFEC71600B510BE /* AttachmentConfigurable.swift */,
				970F91D61D000AA000B510BE /* GravityConfigurable.swift */,
				9701A0AB1D06A58D00FD6644 /* StepControllable.swift */,
				976CC7CF1D190F4B00476D77 /* DriveAnimateBehaviors.swift */,
			);
			name = protocols;
			sourceTree = "<group>";
		};
		97A61A3C1CF1B26A009E60EB /* extension */ = {
			isa = PBXGroup;
			children = (
				97E1A90E1CED918400F98D86 /* UIDynamicBehavior+Commit.swift */,
				97E1A8D91CEB4B5200F98D86 /* Value+Physical.swift */,
				97E1A9101CEDEF5200F98D86 /* DynamicItem+Behavior.swift */,
			);
			name = extension;
			sourceTree = "<group>";
		};
		97A61A3E1CF1B28D009E60EB /* utils */ = {
			isa = PBXGroup;
			children = (
				97A61A371CF082F6009E60EB /* UnitBezier.swift */,
				97A61A421CF1E159009E60EB /* TimingFunction.swift */,
			);
			name = utils;
			sourceTree = "<group>";
		};
		97A61A3F1CF1B29B009E60EB /* items */ = {
			isa = PBXGroup;
			children = (
				97A61A391CF09B8F009E60EB /* DynamicItem.swift */,
				970A7FB41CF2AA8F00C7555C /* DynamicItemBasic.swift */,
				970F91E41D01730B00B510BE /* DynamicItemGravity.swift */,
			);
			name = items;
			sourceTree = "<group>";
		};
		97A61A401CF1B2BF009E60EB /* coordnator */ = {
			isa = PBXGroup;
			children = (
				97E1A8DB1CEB4D6700F98D86 /* AnimatorCoordinator.swift */,
			);
			name = coordnator;
			sourceTree = "<group>";
		};
		97BE88B51CDDDAD000240523 = {
			isa = PBXGroup;
			children = (
				97BE88C01CDDDAD000240523 /* StellarDemo */,
				97BE88D51CDDDAD000240523 /* StellarDemoTests */,
				97BE88E01CDDDAD000240523 /* StellarDemoUITests */,
				97019FD71D054ECD00FD6644 /* Stellar */,
				97019FE51D054ECD00FD6644 /* StellarTests */,
				97BE88BF1CDDDAD000240523 /* Products */,
			);
			sourceTree = "<group>";
		};
		97BE88BF1CDDDAD000240523 /* Products */ = {
			isa = PBXGroup;
			children = (
				97BE88BE1CDDDAD000240523 /* StellarDemo.app */,
				97019FD61D054ECD00FD6644 /* Stellar.framework */,
			);
			name = Products;
			sourceTree = "<group>";
		};
		97BE88C01CDDDAD000240523 /* StellarDemo */ = {
			isa = PBXGroup;
			children = (
				97BE88EF1CDDDBCE00240523 /* Sources */,
				97BE88C11CDDDAD000240523 /* AppDelegate.swift */,
				973E59CA1CF5ACEC00F26487 /* Example1ViewController.swift */,
				97BE88C31CDDDAD000240523 /* Example2ViewController.swift */,
				977FDF191CFC7448009248FD /* Example3ViewController.swift */,
				97733D6B1CFEAC930012C879 /* Example4ViewController.swift */,
				970F91B21CFEBFC500B510BE /* Example5ViewController.swift */,
				970F91D41CFEF7C900B510BE /* Example6ViewController.swift */,
				9701A0AD1D07CD8800FD6644 /* Example7ViewController.swift */,
				9734A5581D23C742000D02A8 /* Example8ViewController.swift */,
				97EC4C051CFA98DA0059BBFA /* MyPlayground.playground */,
				973E59E61CF6F2E100F26487 /* Ball.swift */,
				97BE88C51CDDDAD000240523 /* Main.storyboard */,
				97BE88C81CDDDAD000240523 /* Assets.xcassets */,
				97BE88CA1CDDDAD000240523 /* LaunchScreen.storyboard */,
				97BE88CD1CDDDAD000240523 /* Info.plist */,
			);
			path = StellarDemo;
			sourceTree = "<group>";
		};
		97BE88D51CDDDAD000240523 /* StellarDemoTests */ = {
			isa = PBXGroup;
			children = (
				97BE88D61CDDDAD000240523 /* StellarDemoTests.swift */,
				97BE88D81CDDDAD000240523 /* Info.plist */,
			);
			path = StellarDemoTests;
			sourceTree = "<group>";
		};
		97BE88E01CDDDAD000240523 /* StellarDemoUITests */ = {
			isa = PBXGroup;
			children = (
				97BE88E11CDDDAD000240523 /* StellarDemoUITests.swift */,
				97BE88E31CDDDAD000240523 /* Info.plist */,
			);
			path = StellarDemoUITests;
			sourceTree = "<group>";
		};
		97BE88EF1CDDDBCE00240523 /* Sources */ = {
			isa = PBXGroup;
			children = (
				97E8D3EF1CFC13D0004E6A80 /* UI */,
				970A80001CF448B900C7555C /* Internal */,
				97A61A401CF1B2BF009E60EB /* coordnator */,
				97A61A3F1CF1B29B009E60EB /* items */,
				97A61A3E1CF1B28D009E60EB /* utils */,
				97A61A3C1CF1B26A009E60EB /* extension */,
				97A61A3B1CF1B254009E60EB /* protocols */,
			);
			name = Sources;
			path = ../../Sources;
			sourceTree = "<group>";
		};
		97E8D3EF1CFC13D0004E6A80 /* UI */ = {
			isa = PBXGroup;
			children = (
				973E59E81CF6FD2200F26487 /* UIView+Stellar.swift */,
				97E8D3ED1CFC11BA004E6A80 /* CALayer+Stellar.swift */,
			);
			name = UI;
			sourceTree = "<group>";
		};
/* End PBXGroup section */

/* Begin PBXHeadersBuildPhase section */
		97019FD31D054ECD00FD6644 /* Headers */ = {
			isa = PBXHeadersBuildPhase;
			buildActionMask = 2147483647;
			files = (
				97019FD91D054ECD00FD6644 /* Stellar.h in Headers */,
			);
			runOnlyForDeploymentPostprocessing = 0;
		};
/* End PBXHeadersBuildPhase section */

/* Begin PBXNativeTarget section */
		97019FD51D054ECD00FD6644 /* Stellar */ = {
			isa = PBXNativeTarget;
			buildConfigurationList = 97019FF11D054ECD00FD6644 /* Build configuration list for PBXNativeTarget "Stellar" */;
			buildPhases = (
				97019FD11D054ECD00FD6644 /* Sources */,
				97019FD21D054ECD00FD6644 /* Frameworks */,
				97019FD31D054ECD00FD6644 /* Headers */,
				97019FD41D054ECD00FD6644 /* Resources */,
			);
			buildRules = (
			);
			dependencies = (
			);
			name = Stellar;
			productName = Stellar;
			productReference = 97019FD61D054ECD00FD6644 /* Stellar.framework */;
			productType = "com.apple.product-type.framework";
		};
		97BE88BD1CDDDAD000240523 /* StellarDemo */ = {
			isa = PBXNativeTarget;
			buildConfigurationList = 97BE88E61CDDDAD000240523 /* Build configuration list for PBXNativeTarget "StellarDemo" */;
			buildPhases = (
				97BE88BA1CDDDAD000240523 /* Sources */,
				97BE88BB1CDDDAD000240523 /* Frameworks */,
				97BE88BC1CDDDAD000240523 /* Resources */,
				97019FF21D054ECD00FD6644 /* Embed Frameworks */,
			);
			buildRules = (
			);
			dependencies = (
				97019FEA1D054ECD00FD6644 /* PBXTargetDependency */,
			);
			name = StellarDemo;
			productName = StellarDemo;
			productReference = 97BE88BE1CDDDAD000240523 /* StellarDemo.app */;
			productType = "com.apple.product-type.application";
		};
/* End PBXNativeTarget section */

/* Begin PBXProject section */
		97BE88B61CDDDAD000240523 /* Project object */ = {
			isa = PBXProject;
			attributes = {
				LastSwiftUpdateCheck = 0730;
				LastUpgradeCheck = 0820;
				ORGANIZATIONNAME = August;
				TargetAttributes = {
					97019FD51D054ECD00FD6644 = {
						CreatedOnToolsVersion = 7.3.1;
						LastSwiftMigration = 0820;
					};
					97BE88BD1CDDDAD000240523 = {
						CreatedOnToolsVersion = 7.3.1;
						DevelopmentTeam = C8U29Y8XS5;
						LastSwiftMigration = 0820;
					};
				};
			};
			buildConfigurationList = 97BE88B91CDDDAD000240523 /* Build configuration list for PBXProject "StellarDemo" */;
			compatibilityVersion = "Xcode 3.2";
			developmentRegion = English;
			hasScannedForEncodings = 0;
			knownRegions = (
				en,
				Base,
			);
			mainGroup = 97BE88B51CDDDAD000240523;
			productRefGroup = 97BE88BF1CDDDAD000240523 /* Products */;
			projectDirPath = "";
			projectRoot = "";
			targets = (
				97BE88BD1CDDDAD000240523 /* StellarDemo */,
				97019FD51D054ECD00FD6644 /* Stellar */,
			);
		};
/* End PBXProject section */

/* Begin PBXResourcesBuildPhase section */
		97019FD41D054ECD00FD6644 /* Resources */ = {
			isa = PBXResourcesBuildPhase;
			buildActionMask = 2147483647;
			files = (
			);
			runOnlyForDeploymentPostprocessing = 0;
		};
		97BE88BC1CDDDAD000240523 /* Resources */ = {
			isa = PBXResourcesBuildPhase;
			buildActionMask = 2147483647;
			files = (
				97BE88CC1CDDDAD000240523 /* LaunchScreen.storyboard in Resources */,
				97BE88C91CDDDAD000240523 /* Assets.xcassets in Resources */,
				97BE88C71CDDDAD000240523 /* Main.storyboard in Resources */,
			);
			runOnlyForDeploymentPostprocessing = 0;
		};
/* End PBXResourcesBuildPhase section */

/* Begin PBXSourcesBuildPhase section */
		97019FD11D054ECD00FD6644 /* Sources */ = {
			isa = PBXSourcesBuildPhase;
			buildActionMask = 2147483647;
			files = (
				97D1A3B21EC40C5F004302E4 /* AnimationContext.swift in Sources */,
				97D1A3B31EC40C5F004302E4 /* AnimationSequence.swift in Sources */,
				97D1A3B41EC40C5F004302E4 /* AnimationStep.swift in Sources */,
				97D1A3B51EC40C5F004302E4 /* AnimationType.swift in Sources */,
				97D1A3B61EC40C5F004302E4 /* AnimatorCoordinator.swift in Sources */,
				97D1A3B71EC40C5F004302E4 /* AttachmentConfigurable.swift in Sources */,
				97D1A3B81EC40C5F004302E4 /* BasicChainable.swift in Sources */,
				97D1A3B91EC40C5F004302E4 /* BasicConfigurable.swift in Sources */,
				97D1A3BA1EC40C5F004302E4 /* CALayer+AnimateBehavior.swift in Sources */,
				97D1A3BB1EC40C5F004302E4 /* CALayer+DriveAnimationBehaviors.swift in Sources */,
				97D1A3BC1EC40C5F004302E4 /* CALayer+Stellar.swift in Sources */,
				97D1A3BD1EC40C5F004302E4 /* Chainable.swift in Sources */,
				97D1A3BE1EC40C5F004302E4 /* DriveAnimateBehaviors.swift in Sources */,
				97D1A3BF1EC40C5F004302E4 /* DynamicItem.swift in Sources */,
				97D1A3C01EC40C5F004302E4 /* DynamicItem+Behavior.swift in Sources */,
				97D1A3C11EC40C5F004302E4 /* DynamicItemBasic.swift in Sources */,
				97D1A3C21EC40C5F004302E4 /* DynamicItemGravity.swift in Sources */,
				97D1A3C31EC40C5F004302E4 /* GravityConfigurable.swift in Sources */,
				97D1A3C41EC40C5F004302E4 /* Interpolatable.swift in Sources */,
				97D1A3C51EC40C5F004302E4 /* Physical.swift in Sources */,
				97D1A3C61EC40C5F004302E4 /* SnapConfigurable.swift in Sources */,
				97D1A3C71EC40C5F004302E4 /* StepControllable.swift in Sources */,
				97D1A3C81EC40C5F004302E4 /* TimingFunction.swift in Sources */,
				97D1A3C91EC40C5F004302E4 /* TimingSolvable.swift in Sources */,
				97D1A3CA1EC40C5F004302E4 /* TimingType.swift in Sources */,
				97D1A3CB1EC40C5F004302E4 /* UIDynamicBehavior+Commit.swift in Sources */,
				97D1A3CE1EC40C5F004302E4 /* UIView+AnimateBehavior.swift in Sources */,
				97D1A3D01EC40C5F004302E4 /* UIView+Stellar.swift in Sources */,
				97D1A3D11EC40C5F004302E4 /* UnitBezier.swift in Sources */,
				97D1A3D21EC40C5F004302E4 /* Value+Physical.swift in Sources */,
				97D1A3D31EC40C5F004302E4 /* Vectorial.swift in Sources */,
			);
			runOnlyForDeploymentPostprocessing = 0;
		};
		97BE88BA1CDDDAD000240523 /* Sources */ = {
			isa = PBXSourcesBuildPhase;
			buildActionMask = 2147483647;
			files = (
				973E59CB1CF5ACEC00F26487 /* Example1ViewController.swift in Sources */,
				973E59EB1CF6FD5B00F26487 /* AnimationContext.swift in Sources */,
				97E1A90F1CED918400F98D86 /* UIDynamicBehavior+Commit.swift in Sources */,
				970A7FB51CF2AA8F00C7555C /* DynamicItemBasic.swift in Sources */,
				97E1A8DC1CEB4D6700F98D86 /* AnimatorCoordinator.swift in Sources */,
				973E59E91CF6FD2200F26487 /* UIView+Stellar.swift in Sources */,
				97BE88C41CDDDAD000240523 /* Example2ViewController.swift in Sources */,
				97E1A8DA1CEB4B5200F98D86 /* Value+Physical.swift in Sources */,
				97544FFC1CFD5733008046A1 /* AnimationType.swift in Sources */,
				97A61A431CF1E159009E60EB /* TimingFunction.swift in Sources */,
				97544FFA1CFD572A008046A1 /* AnimationStep.swift in Sources */,
				977FDF1A1CFC7448009248FD /* Example3ViewController.swift in Sources */,
				973E59E71CF6F2E100F26487 /* Ball.swift in Sources */,
				97733D6C1CFEAC930012C879 /* Example4ViewController.swift in Sources */,
				973E5A041CF70FAE00F26487 /* TimingType.swift in Sources */,
				970F91E51D01730B00B510BE /* DynamicItemGravity.swift in Sources */,
				970F91D71D000AA000B510BE /* GravityConfigurable.swift in Sources */,
				97E1A8D81CEB4AF200F98D86 /* Physical.swift in Sources */,
				976CC7EB1D193C5E00476D77 /* CALayer+AnimateBehavior.swift in Sources */,
				9734A5591D23C742000D02A8 /* Example8ViewController.swift in Sources */,
				97E1A9111CEDEF5200F98D86 /* DynamicItem+Behavior.swift in Sources */,
				97E8D3EE1CFC11BA004E6A80 /* CALayer+Stellar.swift in Sources */,
				97BE88C21CDDDAD000240523 /* AppDelegate.swift in Sources */,
				97EC4C001CF9E3310059BBFA /* Chainable.swift in Sources */,
				97544FF81CFD56D7008046A1 /* AnimationSequence.swift in Sources */,
				976CC7CE1D190DF400476D77 /* UIView+AnimateBehavior.swift in Sources */,
				970F91B51CFEC71600B510BE /* AttachmentConfigurable.swift in Sources */,
				9701A0AE1D07CD8800FD6644 /* Example7ViewController.swift in Sources */,
				970F91B31CFEBFC500B510BE /* Example5ViewController.swift in Sources */,
				97EC4C021CF9E47D0059BBFA /* SnapConfigurable.swift in Sources */,
				97A61A381CF082F6009E60EB /* UnitBezier.swift in Sources */,
				97A61A341CF05DAB009E60EB /* Vectorial.swift in Sources */,
				970F91D51CFEF7C900B510BE /* Example6ViewController.swift in Sources */,
				97A61A3A1CF09B8F009E60EB /* DynamicItem.swift in Sources */,
				976CC7D01D190F4B00476D77 /* DriveAnimateBehaviors.swift in Sources */,
				97EC4BFC1CF9DF8D0059BBFA /* BasicChainable.swift in Sources */,
				97DD65D21D2252FD00255F40 /* TimingSolvable.swift in Sources */,
				97EC4BFE1CF9E2620059BBFA /* BasicConfigurable.swift in Sources */,
				9701A0AC1D06A58D00FD6644 /* StepControllable.swift in Sources */,
				970A7FB71CF2AC0000C7555C /* Interpolatable.swift in Sources */,
			);
			runOnlyForDeploymentPostprocessing = 0;
		};
/* End PBXSourcesBuildPhase section */

/* Begin PBXTargetDependency section */
		97019FEA1D054ECD00FD6644 /* PBXTargetDependency */ = {
			isa = PBXTargetDependency;
			target = 97019FD51D054ECD00FD6644 /* Stellar */;
			targetProxy = 97019FE91D054ECD00FD6644 /* PBXContainerItemProxy */;
		};
/* End PBXTargetDependency section */

/* Begin PBXVariantGroup section */
		97BE88C51CDDDAD000240523 /* Main.storyboard */ = {
			isa = PBXVariantGroup;
			children = (
				97BE88C61CDDDAD000240523 /* Base */,
			);
			name = Main.storyboard;
			sourceTree = "<group>";
		};
		97BE88CA1CDDDAD000240523 /* LaunchScreen.storyboard */ = {
			isa = PBXVariantGroup;
			children = (
				97BE88CB1CDDDAD000240523 /* Base */,
			);
			name = LaunchScreen.storyboard;
			sourceTree = "<group>";
		};
/* End PBXVariantGroup section */

/* Begin XCBuildConfiguration section */
		97019FED1D054ECD00FD6644 /* Debug */ = {
			isa = XCBuildConfiguration;
			buildSettings = {
				"CODE_SIGN_IDENTITY[sdk=iphoneos*]" = "";
				CURRENT_PROJECT_VERSION = 1;
				DEFINES_MODULE = YES;
				DYLIB_COMPATIBILITY_VERSION = 1;
				DYLIB_CURRENT_VERSION = 1;
				DYLIB_INSTALL_NAME_BASE = "@rpath";
				INFOPLIST_FILE = Stellar/Info.plist;
				INSTALL_PATH = "$(LOCAL_LIBRARY_DIR)/Frameworks";
				LD_RUNPATH_SEARCH_PATHS = "$(inherited) @executable_path/Frameworks @loader_path/Frameworks";
				LIBRARY_SEARCH_PATHS = "\"$(SRCROOT)/../Sources\"";
				PRODUCT_BUNDLE_IDENTIFIER = AR.Stellar;
				PRODUCT_NAME = "$(TARGET_NAME)";
				SKIP_INSTALL = YES;
				SWIFT_VERSION = 3.0;
				VERSIONING_SYSTEM = "apple-generic";
				VERSION_INFO_PREFIX = "";
			};
			name = Debug;
		};
		97019FEE1D054ECD00FD6644 /* Release */ = {
			isa = XCBuildConfiguration;
			buildSettings = {
				"CODE_SIGN_IDENTITY[sdk=iphoneos*]" = "";
				CURRENT_PROJECT_VERSION = 1;
				DEFINES_MODULE = YES;
				DYLIB_COMPATIBILITY_VERSION = 1;
				DYLIB_CURRENT_VERSION = 1;
				DYLIB_INSTALL_NAME_BASE = "@rpath";
				INFOPLIST_FILE = Stellar/Info.plist;
				INSTALL_PATH = "$(LOCAL_LIBRARY_DIR)/Frameworks";
				LD_RUNPATH_SEARCH_PATHS = "$(inherited) @executable_path/Frameworks @loader_path/Frameworks";
				LIBRARY_SEARCH_PATHS = "\"$(SRCROOT)/../Sources\"";
				PRODUCT_BUNDLE_IDENTIFIER = AR.Stellar;
				PRODUCT_NAME = "$(TARGET_NAME)";
				SKIP_INSTALL = YES;
				SWIFT_VERSION = 3.0;
				VERSIONING_SYSTEM = "apple-generic";
				VERSION_INFO_PREFIX = "";
			};
			name = Release;
		};
		97BE88E41CDDDAD000240523 /* Debug */ = {
			isa = XCBuildConfiguration;
			buildSettings = {
				ALWAYS_SEARCH_USER_PATHS = NO;
				CLANG_ANALYZER_NONNULL = YES;
				CLANG_CXX_LANGUAGE_STANDARD = "gnu++0x";
				CLANG_CXX_LIBRARY = "libc++";
				CLANG_ENABLE_MODULES = YES;
				CLANG_ENABLE_OBJC_ARC = YES;
				CLANG_WARN_BOOL_CONVERSION = YES;
				CLANG_WARN_CONSTANT_CONVERSION = YES;
				CLANG_WARN_DIRECT_OBJC_ISA_USAGE = YES_ERROR;
				CLANG_WARN_EMPTY_BODY = YES;
				CLANG_WARN_ENUM_CONVERSION = YES;
				CLANG_WARN_INFINITE_RECURSION = YES;
				CLANG_WARN_INT_CONVERSION = YES;
				CLANG_WARN_OBJC_ROOT_CLASS = YES_ERROR;
				CLANG_WARN_SUSPICIOUS_MOVE = YES;
				CLANG_WARN_UNREACHABLE_CODE = YES;
				CLANG_WARN__DUPLICATE_METHOD_MATCH = YES;
				"CODE_SIGN_IDENTITY[sdk=iphoneos*]" = "iPhone Developer";
				COPY_PHASE_STRIP = NO;
				DEBUG_INFORMATION_FORMAT = dwarf;
				ENABLE_STRICT_OBJC_MSGSEND = YES;
				ENABLE_TESTABILITY = YES;
				GCC_C_LANGUAGE_STANDARD = gnu99;
				GCC_DYNAMIC_NO_PIC = NO;
				GCC_NO_COMMON_BLOCKS = YES;
				GCC_OPTIMIZATION_LEVEL = 0;
				GCC_PREPROCESSOR_DEFINITIONS = (
					"DEBUG=1",
					"$(inherited)",
				);
				GCC_WARN_64_TO_32_BIT_CONVERSION = YES;
				GCC_WARN_ABOUT_RETURN_TYPE = YES_ERROR;
				GCC_WARN_UNDECLARED_SELECTOR = YES;
				GCC_WARN_UNINITIALIZED_AUTOS = YES_AGGRESSIVE;
				GCC_WARN_UNUSED_FUNCTION = YES;
				GCC_WARN_UNUSED_VARIABLE = YES;
				IPHONEOS_DEPLOYMENT_TARGET = 9.3;
				MTL_ENABLE_DEBUG_INFO = YES;
				ONLY_ACTIVE_ARCH = YES;
				SDKROOT = iphoneos;
				SWIFT_OPTIMIZATION_LEVEL = "-Onone";
				TARGETED_DEVICE_FAMILY = "1,2";
			};
			name = Debug;
		};
		97BE88E51CDDDAD000240523 /* Release */ = {
			isa = XCBuildConfiguration;
			buildSettings = {
				ALWAYS_SEARCH_USER_PATHS = NO;
				CLANG_ANALYZER_NONNULL = YES;
				CLANG_CXX_LANGUAGE_STANDARD = "gnu++0x";
				CLANG_CXX_LIBRARY = "libc++";
				CLANG_ENABLE_MODULES = YES;
				CLANG_ENABLE_OBJC_ARC = YES;
				CLANG_WARN_BOOL_CONVERSION = YES;
				CLANG_WARN_CONSTANT_CONVERSION = YES;
				CLANG_WARN_DIRECT_OBJC_ISA_USAGE = YES_ERROR;
				CLANG_WARN_EMPTY_BODY = YES;
				CLANG_WARN_ENUM_CONVERSION = YES;
				CLANG_WARN_INFINITE_RECURSION = YES;
				CLANG_WARN_INT_CONVERSION = YES;
				CLANG_WARN_OBJC_ROOT_CLASS = YES_ERROR;
				CLANG_WARN_SUSPICIOUS_MOVE = YES;
				CLANG_WARN_UNREACHABLE_CODE = YES;
				CLANG_WARN__DUPLICATE_METHOD_MATCH = YES;
				"CODE_SIGN_IDENTITY[sdk=iphoneos*]" = "iPhone Developer";
				COPY_PHASE_STRIP = NO;
				DEBUG_INFORMATION_FORMAT = "dwarf-with-dsym";
				ENABLE_NS_ASSERTIONS = NO;
				ENABLE_STRICT_OBJC_MSGSEND = YES;
				GCC_C_LANGUAGE_STANDARD = gnu99;
				GCC_NO_COMMON_BLOCKS = YES;
				GCC_WARN_64_TO_32_BIT_CONVERSION = YES;
				GCC_WARN_ABOUT_RETURN_TYPE = YES_ERROR;
				GCC_WARN_UNDECLARED_SELECTOR = YES;
				GCC_WARN_UNINITIALIZED_AUTOS = YES_AGGRESSIVE;
				GCC_WARN_UNUSED_FUNCTION = YES;
				GCC_WARN_UNUSED_VARIABLE = YES;
				IPHONEOS_DEPLOYMENT_TARGET = 9.3;
				MTL_ENABLE_DEBUG_INFO = NO;
				SDKROOT = iphoneos;
				SWIFT_OPTIMIZATION_LEVEL = "-Owholemodule";
				TARGETED_DEVICE_FAMILY = "1,2";
				VALIDATE_PRODUCT = YES;
			};
			name = Release;
		};
		97BE88E71CDDDAD000240523 /* Debug */ = {
			isa = XCBuildConfiguration;
			buildSettings = {
				ALWAYS_EMBED_SWIFT_STANDARD_LIBRARIES = YES;
				ASSETCATALOG_COMPILER_APPICON_NAME = AppIcon;
				DEVELOPMENT_TEAM = C8U29Y8XS5;
				INFOPLIST_FILE = StellarDemo/Info.plist;
				IPHONEOS_DEPLOYMENT_TARGET = 8.0;
				LD_RUNPATH_SEARCH_PATHS = "$(inherited) @executable_path/Frameworks";
				PRODUCT_BUNDLE_IDENTIFIER = AR.StellarDemo;
				PRODUCT_NAME = "$(TARGET_NAME)";
				SWIFT_VERSION = 3.0;
			};
			name = Debug;
		};
		97BE88E81CDDDAD000240523 /* Release */ = {
			isa = XCBuildConfiguration;
			buildSettings = {
				ALWAYS_EMBED_SWIFT_STANDARD_LIBRARIES = YES;
				ASSETCATALOG_COMPILER_APPICON_NAME = AppIcon;
				DEVELOPMENT_TEAM = C8U29Y8XS5;
				INFOPLIST_FILE = StellarDemo/Info.plist;
				IPHONEOS_DEPLOYMENT_TARGET = 8.0;
				LD_RUNPATH_SEARCH_PATHS = "$(inherited) @executable_path/Frameworks";
				PRODUCT_BUNDLE_IDENTIFIER = AR.StellarDemo;
				PRODUCT_NAME = "$(TARGET_NAME)";
				SWIFT_VERSION = 3.0;
			};
			name = Release;
		};
/* End XCBuildConfiguration section */

/* Begin XCConfigurationList section */
		97019FF11D054ECD00FD6644 /* Build configuration list for PBXNativeTarget "Stellar" */ = {
			isa = XCConfigurationList;
			buildConfigurations = (
				97019FED1D054ECD00FD6644 /* Debug */,
				97019FEE1D054ECD00FD6644 /* Release */,
			);
			defaultConfigurationIsVisible = 0;
			defaultConfigurationName = Release;
		};
		97BE88B91CDDDAD000240523 /* Build configuration list for PBXProject "StellarDemo" */ = {
			isa = XCConfigurationList;
			buildConfigurations = (
				97BE88E41CDDDAD000240523 /* Debug */,
				97BE88E51CDDDAD000240523 /* Release */,
			);
			defaultConfigurationIsVisible = 0;
			defaultConfigurationName = Release;
		};
		97BE88E61CDDDAD000240523 /* Build configuration list for PBXNativeTarget "StellarDemo" */ = {
			isa = XCConfigurationList;
			buildConfigurations = (
				97BE88E71CDDDAD000240523 /* Debug */,
				97BE88E81CDDDAD000240523 /* Release */,
			);
			defaultConfigurationIsVisible = 0;
			defaultConfigurationName = Release;
		};
/* End XCConfigurationList section */
	};
	rootObject = 97BE88B61CDDDAD000240523 /* Project object */;
}
